
Microsoft Visual Studio Solution File, Format Version 12.00
# Visual Studio Version 17
VisualStudioVersion = 17.0.31903.59
MinimumVisualStudioVersion = 10.0.40219.1
Project("{2150E333-8FDC-42A3-9474-1A3956D46DE8}") = "src", "src", "{FCAFD084-19B5-4805-B3CB-8AF92AEB3AEC}"
EndProject
Project("{2150E333-8FDC-42A3-9474-1A3956D46DE8}") = "Services", "Services", "{AE4CBF92-6C4C-4882-A0D4-441E4C07752F}"
EndProject
Project("{2150E333-8FDC-42A3-9474-1A3956D46DE8}") = "Catalog", "Catalog", "{AD111CED-CA6B-445A-9169-44C83142AF89}"
EndProject
Project("{FAE04EC0-301F-11D3-BF4B-00C04F79EFBC}") = "Catalog.API", "src\Services\Catalog\Catalog.API\Catalog.API.csproj", "{F766EA45-3BCA-40BF-9BD7-22190D1F0D78}"
EndProject
Project("{2150E333-8FDC-42A3-9474-1A3956D46DE8}") = "Basket", "Basket", "{95B3D677-0978-4542-AB79-A5B83E66756C}"
EndProject
Project("{FAE04EC0-301F-11D3-BF4B-00C04F79EFBC}") = "Basket.API", "src\Services\Basket\Basket.API\Basket.API.csproj", "{942FBBD6-DDBF-4D70-9325-440651066722}"
EndProject
Project("{2150E333-8FDC-42A3-9474-1A3956D46DE8}") = "Discount", "Discount", "{5A3B9E77-8ADC-4A3E-AD4C-FF4A1961584A}"
EndProject
Project("{FAE04EC0-301F-11D3-BF4B-00C04F79EFBC}") = "Discount.API", "src\Services\Discount\Discount.API\Discount.API.csproj", "{5BF8D7F1-7B9D-4653-92D0-2ECDBF3F2981}"
EndProject
Project("{FAE04EC0-301F-11D3-BF4B-00C04F79EFBC}") = "Discount.Grpc", "src\Services\Discount\Discount.Grpc\Discount.Grpc.csproj", "{7756F8F5-ECF1-4530-B93A-652F5D235DDD}"
EndProject
Project("{2150E333-8FDC-42A3-9474-1A3956D46DE8}") = "Ordering", "Ordering", "{769CE0B2-D5F5-4121-8ECB-03A29CC76E34}"
EndProject
Project("{FAE04EC0-301F-11D3-BF4B-00C04F79EFBC}") = "Ordering.API", "src\Services\Ordering\Ordering.API\Ordering.API.csproj", "{9AEF6008-472C-4088-9223-6A3700EC814F}"
EndProject
Project("{FAE04EC0-301F-11D3-BF4B-00C04F79EFBC}") = "Ordering.Domain", "src\Services\Ordering\Ordering.Domain\Ordering.Domain.csproj", "{366925A0-DD54-4E99-BD6B-BF9771AF71C5}"
EndProject
Project("{FAE04EC0-301F-11D3-BF4B-00C04F79EFBC}") = "Ordering.Application", "src\Services\Ordering\Ordering.Application\Ordering.Application.csproj", "{8486C41A-4BE8-4F15-8041-C3BF08B1C2BD}"
EndProject
Project("{FAE04EC0-301F-11D3-BF4B-00C04F79EFBC}") = "Ordering.Infraestructure", "src\Services\Ordering\Ordering.Infraestructure\Ordering.Infraestructure.csproj", "{552FEB6F-2DE8-4C0A-B427-2386AA69D4AF}"
EndProject
Global
	GlobalSection(SolutionConfigurationPlatforms) = preSolution
		Debug|Any CPU = Debug|Any CPU
		Release|Any CPU = Release|Any CPU
	EndGlobalSection
	GlobalSection(ProjectConfigurationPlatforms) = postSolution
		{F766EA45-3BCA-40BF-9BD7-22190D1F0D78}.Debug|Any CPU.ActiveCfg = Debug|Any CPU
		{F766EA45-3BCA-40BF-9BD7-22190D1F0D78}.Debug|Any CPU.Build.0 = Debug|Any CPU
		{F766EA45-3BCA-40BF-9BD7-22190D1F0D78}.Release|Any CPU.ActiveCfg = Release|Any CPU
		{F766EA45-3BCA-40BF-9BD7-22190D1F0D78}.Release|Any CPU.Build.0 = Release|Any CPU
		{942FBBD6-DDBF-4D70-9325-440651066722}.Debug|Any CPU.ActiveCfg = Debug|Any CPU
		{942FBBD6-DDBF-4D70-9325-440651066722}.Debug|Any CPU.Build.0 = Debug|Any CPU
		{942FBBD6-DDBF-4D70-9325-440651066722}.Release|Any CPU.ActiveCfg = Release|Any CPU
		{942FBBD6-DDBF-4D70-9325-440651066722}.Release|Any CPU.Build.0 = Release|Any CPU
		{5BF8D7F1-7B9D-4653-92D0-2ECDBF3F2981}.Debug|Any CPU.ActiveCfg = Debug|Any CPU
		{5BF8D7F1-7B9D-4653-92D0-2ECDBF3F2981}.Debug|Any CPU.Build.0 = Debug|Any CPU
		{5BF8D7F1-7B9D-4653-92D0-2ECDBF3F2981}.Release|Any CPU.ActiveCfg = Release|Any CPU
		{5BF8D7F1-7B9D-4653-92D0-2ECDBF3F2981}.Release|Any CPU.Build.0 = Release|Any CPU
		{7756F8F5-ECF1-4530-B93A-652F5D235DDD}.Debug|Any CPU.ActiveCfg = Debug|Any CPU
		{7756F8F5-ECF1-4530-B93A-652F5D235DDD}.Debug|Any CPU.Build.0 = Debug|Any CPU
		{7756F8F5-ECF1-4530-B93A-652F5D235DDD}.Release|Any CPU.ActiveCfg = Release|Any CPU
		{7756F8F5-ECF1-4530-B93A-652F5D235DDD}.Release|Any CPU.Build.0 = Release|Any CPU
		{9AEF6008-472C-4088-9223-6A3700EC814F}.Debug|Any CPU.ActiveCfg = Debug|Any CPU
		{9AEF6008-472C-4088-9223-6A3700EC814F}.Debug|Any CPU.Build.0 = Debug|Any CPU
		{9AEF6008-472C-4088-9223-6A3700EC814F}.Release|Any CPU.ActiveCfg = Release|Any CPU
		{9AEF6008-472C-4088-9223-6A3700EC814F}.Release|Any CPU.Build.0 = Release|Any CPU
		{366925A0-DD54-4E99-BD6B-BF9771AF71C5}.Debug|Any CPU.ActiveCfg = Debug|Any CPU
		{366925A0-DD54-4E99-BD6B-BF9771AF71C5}.Debug|Any CPU.Build.0 = Debug|Any CPU
		{366925A0-DD54-4E99-BD6B-BF9771AF71C5}.Release|Any CPU.ActiveCfg = Release|Any CPU
		{366925A0-DD54-4E99-BD6B-BF9771AF71C5}.Release|Any CPU.Build.0 = Release|Any CPU
		{8486C41A-4BE8-4F15-8041-C3BF08B1C2BD}.Debug|Any CPU.ActiveCfg = Debug|Any CPU
		{8486C41A-4BE8-4F15-8041-C3BF08B1C2BD}.Debug|Any CPU.Build.0 = Debug|Any CPU
		{8486C41A-4BE8-4F15-8041-C3BF08B1C2BD}.Release|Any CPU.ActiveCfg = Release|Any CPU
		{8486C41A-4BE8-4F15-8041-C3BF08B1C2BD}.Release|Any CPU.Build.0 = Release|Any CPU
		{552FEB6F-2DE8-4C0A-B427-2386AA69D4AF}.Debug|Any CPU.ActiveCfg = Debug|Any CPU
		{552FEB6F-2DE8-4C0A-B427-2386AA69D4AF}.Debug|Any CPU.Build.0 = Debug|Any CPU
		{552FEB6F-2DE8-4C0A-B427-2386AA69D4AF}.Release|Any CPU.ActiveCfg = Release|Any CPU
		{552FEB6F-2DE8-4C0A-B427-2386AA69D4AF}.Release|Any CPU.Build.0 = Release|Any CPU
	EndGlobalSection
	GlobalSection(SolutionProperties) = preSolution
		HideSolutionNode = FALSE
	EndGlobalSection
	GlobalSection(NestedProjects) = preSolution
		{AE4CBF92-6C4C-4882-A0D4-441E4C07752F} = {FCAFD084-19B5-4805-B3CB-8AF92AEB3AEC}
		{AD111CED-CA6B-445A-9169-44C83142AF89} = {AE4CBF92-6C4C-4882-A0D4-441E4C07752F}
		{F766EA45-3BCA-40BF-9BD7-22190D1F0D78} = {AD111CED-CA6B-445A-9169-44C83142AF89}
		{95B3D677-0978-4542-AB79-A5B83E66756C} = {AE4CBF92-6C4C-4882-A0D4-441E4C07752F}
		{942FBBD6-DDBF-4D70-9325-440651066722} = {95B3D677-0978-4542-AB79-A5B83E66756C}
		{5A3B9E77-8ADC-4A3E-AD4C-FF4A1961584A} = {AE4CBF92-6C4C-4882-A0D4-441E4C07752F}
		{5BF8D7F1-7B9D-4653-92D0-2ECDBF3F2981} = {5A3B9E77-8ADC-4A3E-AD4C-FF4A1961584A}
		{7756F8F5-ECF1-4530-B93A-652F5D235DDD} = {5A3B9E77-8ADC-4A3E-AD4C-FF4A1961584A}
		{769CE0B2-D5F5-4121-8ECB-03A29CC76E34} = {AE4CBF92-6C4C-4882-A0D4-441E4C07752F}
		{9AEF6008-472C-4088-9223-6A3700EC814F} = {769CE0B2-D5F5-4121-8ECB-03A29CC76E34}
		{366925A0-DD54-4E99-BD6B-BF9771AF71C5} = {769CE0B2-D5F5-4121-8ECB-03A29CC76E34}
		{8486C41A-4BE8-4F15-8041-C3BF08B1C2BD} = {769CE0B2-D5F5-4121-8ECB-03A29CC76E34}
		{552FEB6F-2DE8-4C0A-B427-2386AA69D4AF} = {769CE0B2-D5F5-4121-8ECB-03A29CC76E34}
	EndGlobalSection
EndGlobal
